// !$*UTF8*$!
{
	archiveVersion = 1;
	classes = {
	};
	objectVersion = 48;
	objects = {

/* Begin PBXBuildFile section */
		B7077D5B20383D5600CBCA2F /* AppDelegate.m in Sources */ = {isa = PBXBuildFile; fileRef = B7077D5A20383D5600CBCA2F /* AppDelegate.m */; };
		B7077D5E20383D5600CBCA2F /* ViewController.m in Sources */ = {isa = PBXBuildFile; fileRef = B7077D5D20383D5600CBCA2F /* ViewController.m */; };
		B7077D6120383D5600CBCA2F /* Main.storyboard in Resources */ = {isa = PBXBuildFile; fileRef = B7077D5F20383D5600CBCA2F /* Main.storyboard */; };
		B7077D6320383D5600CBCA2F /* Assets.xcassets in Resources */ = {isa = PBXBuildFile; fileRef = B7077D6220383D5600CBCA2F /* Assets.xcassets */; };
		B7077D6620383D5600CBCA2F /* LaunchScreen.storyboard in Resources */ = {isa = PBXBuildFile; fileRef = B7077D6420383D5600CBCA2F /* LaunchScreen.storyboard */; };
		B7077D6920383D5600CBCA2F /* main.m in Sources */ = {isa = PBXBuildFile; fileRef = B7077D6820383D5600CBCA2F /* main.m */; };
/* End PBXBuildFile section */

/* Begin PBXFileReference section */
		B7077D5620383D5600CBCA2F /* PeerReview3.app */ = {isa = PBXFileReference; explicitFileType = wrapper.application; includeInIndex = 0; path = PeerReview3.app; sourceTree = BUILT_PRODUCTS_DIR; };
		B7077D5920383D5600CBCA2F /* AppDelegate.h */ = {isa = PBXFileReference; lastKnownFileType = sourcecode.c.h; path = AppDelegate.h; sourceTree = "<group>"; };
		B7077D5A20383D5600CBCA2F /* AppDelegate.m */ = {isa = PBXFileReference; lastKnownFileType = sourcecode.c.objc; path = AppDelegate.m; sourceTree = "<group>"; };
		B7077D5C20383D5600CBCA2F /* ViewController.h */ = {isa = PBXFileReference; lastKnownFileType = sourcecode.c.h; path = ViewController.h; sourceTree = "<group>"; };
		B7077D5D20383D5600CBCA2F /* ViewController.m */ = {isa = PBXFileReference; lastKnownFileType = sourcecode.c.objc; path = ViewController.m; sourceTree = "<group>"; };
		B7077D6020383D5600CBCA2F /* Base */ = {isa = PBXFileReference; lastKnownFileType = file.storyboard; name = Base; path = Base.lproj/Main.storyboard; sourceTree = "<group>"; };
		B7077D6220383D5600CBCA2F /* Assets.xcassets */ = {isa = PBXFileReference; lastKnownFileType = folder.assetcatalog; path = Assets.xcassets; sourceTree = "<group>"; };
		B7077D6520383D5600CBCA2F /* Base */ = {isa = PBXFileReference; lastKnownFileType = file.storyboard; name = Base; path = Base.lproj/LaunchScreen.storyboard; sourceTree = "<group>"; };
		B7077D6720383D5600CBCA2F /* Info.plist */ = {isa = PBXFileReference; lastKnownFileType = text.plist.xml; path = Info.plist; sourceTree = "<group>"; };
		B7077D6820383D5600CBCA2F /* main.m */ = {isa = PBXFileReference; lastKnownFileType = sourcecode.c.objc; path = main.m; sourceTree = "<group>"; };
/* End PBXFileReference section */

/* Begin PBXFrameworksBuildPhase section */
		B7077D5320383D5600CBCA2F /* Frameworks */ = {
			isa = PBXFrameworksBuildPhase;
			buildActionMask = 2147483647;
			files = (
			);
			runOnlyForDeploymentPostprocessing = 0;
		};
/* End PBXFrameworksBuildPhase section */

/* Begin PBXGroup section */
		B7077D4D20383D5500CBCA2F = {
			isa = PBXGroup;
			children = (
				B7077D5820383D5600CBCA2F /* PeerReview3 */,
				B7077D5720383D5600CBCA2F /* Products */,
			);
			sourceTree = "<group>";
		};
		B7077D5720383D5600CBCA2F /* Products */ = {
			isa = PBXGroup;
			children = (
				B7077D5620383D5600CBCA2F /* PeerReview3.app */,
			);
			name = Products;
			sourceTree = "<group>";
		};
		B7077D5820383D5600CBCA2F /* PeerReview3 */ = {
			isa = PBXGroup;
			children = (
				B7077D5920383D5600CBCA2F /* AppDelegate.h */,
				B7077D5A20383D5600CBCA2F /* AppDelegate.m */,
				B7077D5C20383D5600CBCA2F /* ViewController.h */,
				B7077D5D20383D5600CBCA2F /* ViewController.m */,
				B7077D5F20383D5600CBCA2F /* Main.storyboard */,
				B7077D6220383D5600CBCA2F /* Assets.xcassets */,
				B7077D6420383D5600CBCA2F /* LaunchScreen.storyboard */,
				B7077D6720383D5600CBCA2F /* Info.plist */,
				B7077D6820383D5600CBCA2F /* main.m */,
			);
			path = PeerReview3;
			sourceTree = "<group>";
		};
/* End PBXGroup section */

/* Begin PBXNativeTarget section */
		B7077D5520383D5600CBCA2F /* PeerReview3 */ = {
			isa = PBXNativeTarget;
			buildConfigurationList = B7077D6C20383D5600CBCA2F /* Build configuration list for PBXNativeTarget "PeerReview3" */;
			buildPhases = (
				B7077D5220383D5600CBCA2F /* Sources */,
				B7077D5320383D5600CBCA2F /* Frameworks */,
				B7077D5420383D5600CBCA2F /* Resources */,
			);
			buildRules = (
			);
			dependencies = (
			);
			name = PeerReview3;
			productName = PeerReview3;
			productReference = B7077D5620383D5600CBCA2F /* PeerReview3.app */;
			productType = "com.apple.product-type.application";
		};
/* End PBXNativeTarget section */

/* Begin PBXProject section */
		B7077D4E20383D5500CBCA2F /* Project object */ = {
			isa = PBXProject;
			attributes = {
				LastUpgradeCheck = 0900;
				ORGANIZATIONNAME = "Manan Jain";
				TargetAttributes = {
					B7077D5520383D5600CBCA2F = {
						CreatedOnToolsVersion = 9.0.1;
						ProvisioningStyle = Automatic;
					};
				};
			};
			buildConfigurationList = B7077D5120383D5500CBCA2F /* Build configuration list for PBXProject "PeerReview3" */;
			compatibilityVersion = "Xcode 8.0";
			developmentRegion = en;
			hasScannedForEncodings = 0;
			knownRegions = (
				en,
				Base,
			);
			mainGroup = B7077D4D20383D5500CBCA2F;
			productRefGroup = B7077D5720383D5600CBCA2F /* Products */;
			projectDirPath = "";
			projectRoot = "";
			targets = (
				B7077D5520383D5600CBCA2F /* PeerReview3 */,
			);
		};
/* End PBXProject section */

/* Begin PBXResourcesBuildPhase section */
		B7077D5420383D5600CBCA2F /* Resources */ = {
			isa = PBXResourcesBuildPhase;
			buildActionMask = 2147483647;
			files = (
				B7077D6620383D5600CBCA2F /* LaunchScreen.storyboard in Resources */,
				B7077D6320383D5600CBCA2F /* Assets.xcassets in Resources */,
				B7077D6120383D5600CBCA2F /* Main.storyboard in Resources */,
			);
			runOnlyForDeploymentPostprocessing = 0;
		};
/* End PBXResourcesBuildPhase section */

/* Begin PBXSourcesBuildPhase section */
		B7077D5220383D5600CBCA2F /* Sources */ = {
			isa = PBXSourcesBuildPhase;
			buildActionMask = 2147483647;
			files = (
				B7077D5E20383D5600CBCA2F /* ViewController.m in Sources */,
				B7077D6920383D5600CBCA2F /* main.m in Sources */,
				B7077D5B20383D5600CBCA2F /* AppDelegate.m in Sources */,
			);
			runOnlyForDeploymentPostprocessing = 0;
		};
/* End PBXSourcesBuildPhase section */

/* Begin PBXVariantGroup section */
		B7077D5F20383D5600CBCA2F /* Main.storyboard */ = {
			isa = PBXVariantGroup;
			children = (
				B7077D6020383D5600CBCA2F /* Base */,
			);
			name = Main.storyboard;
			sourceTree = "<group>";
		};
		B7077D6420383D5600CBCA2F /* LaunchScreen.storyboard */ = {
			isa = PBXVariantGroup;
			children = (
				B7077D6520383D5600CBCA2F /* Base */,
			);
			name = LaunchScreen.storyboard;
			sourceTree = "<group>";
		};
/* End PBXVariantGroup section */

/* Begin XCBuildConfiguration section */
		B7077D6A20383D5600CBCA2F /* Debug */ = {
			isa = XCBuildConfiguration;
			buildSettings = {
				ALWAYS_SEARCH_USER_PATHS = NO;
				CLANG_ANALYZER_NONNULL = YES;
				CLANG_ANALYZER_NUMBER_OBJECT_CONVERSION = YES_AGGRESSIVE;
				CLANG_CXX_LANGUAGE_STANDARD = "gnu++14";
				CLANG_CXX_LIBRARY = "libc++";
				CLANG_ENABLE_MODULES = YES;
				CLANG_ENABLE_OBJC_ARC = YES;
				CLANG_WARN_BLOCK_CAPTURE_AUTORELEASING = YES;
				CLANG_WARN_BOOL_CONVERSION = YES;
				CLANG_WARN_COMMA = YES;
				CLANG_WARN_CONSTANT_CONVERSION = YES;
				CLANG_WARN_DIRECT_OBJC_ISA_USAGE = YES_ERROR;
				CLANG_WARN_DOCUMENTATION_COMMENTS = YES;
				CLANG_WARN_EMPTY_BODY = YES;
				CLANG_WARN_ENUM_CONVERSION = YES;
				CLANG_WARN_INFINITE_RECURSION = YES;
				CLANG_WARN_INT_CONVERSION = YES;
				CLANG_WARN_NON_LITERAL_NULL_CONVERSION = YES;
				CLANG_WARN_OBJC_LITERAL_CONVERSION = YES;
				CLANG_WARN_OBJC_ROOT_CLASS = YES_ERROR;
				CLANG_WARN_RANGE_LOOP_ANALYSIS = YES;
				CLANG_WARN_STRICT_PROTOTYPES = YES;
				CLANG_WARN_SUSPICIOUS_MOVE = YES;
				CLANG_WARN_UNGUARDED_AVAILABILITY = YES_AGGRESSIVE;
				CLANG_WARN_UNREACHABLE_CODE = YES;
				CLANG_WARN__DUPLICATE_METHOD_MATCH = YES;
				CODE_SIGN_IDENTITY = "iPhone Developer";
				COPY_PHASE_STRIP = NO;
				DEBUG_INFORMATION_FORMAT = dwarf;
				ENABLE_STRICT_OBJC_MSGSEND = YES;
				ENABLE_TESTABILITY = YES;
				GCC_C_LANGUAGE_STANDARD = gnu11;
				GCC_DYNAMIC_NO_PIC = NO;
				GCC_NO_COMMON_BLOCKS = YES;
				GCC_OPTIMIZATION_LEVEL = 0;
				GCC_PREPROCESSOR_DEFINITIONS = (
					"DEBUG=1",
					"$(inherited)",
				);
				GCC_WARN_64_TO_32_BIT_CONVERSION = YES;
				GCC_WARN_ABOUT_RETURN_TYPE = YES_ERROR;
				GCC_WARN_UNDECLARED_SELECTOR = YES;
				GCC_WARN_UNINITIALIZED_AUTOS = YES_AGGRESSIVE;
				GCC_WARN_UNUSED_FUNCTION = YES;
				GCC_WARN_UNUSED_VARIABLE = YES;
				IPHONEOS_DEPLOYMENT_TARGET = 11.0;
				MTL_ENABLE_DEBUG_INFO = YES;
				ONLY_ACTIVE_ARCH = YES;
				SDKROOT = iphoneos;
			};
			name = Debug;
		};
		B7077D6B20383D5600CBCA2F /* Release */ = {
			isa = XCBuildConfiguration;
			buildSettings = {
				ALWAYS_SEARCH_USER_PATHS = NO;
				CLANG_ANALYZER_NONNULL = YES;
				CLANG_ANALYZER_NUMBER_OBJECT_CONVERSION = YES_AGGRESSIVE;
				CLANG_CXX_LANGUAGE_STANDARD = "gnu++14";
				CLANG_CXX_LIBRARY = "libc++";
				CLANG_ENABLE_MODULES = YES;
				CLANG_ENABLE_OBJC_ARC = YES;
				CLANG_WARN_BLOCK_CAPTURE_AUTORELEASING = YES;
				CLANG_WARN_BOOL_CONVERSION = YES;
				CLANG_WARN_COMMA = YES;
				CLANG_WARN_CONSTANT_CONVERSION = YES;
				CLANG_WARN_DIRECT_OBJC_ISA_USAGE = YES_ERROR;
				CLANG_WARN_DOCUMENTATION_COMMENTS = YES;
				CLANG_WARN_EMPTY_BODY = YES;
				CLANG_WARN_ENUM_CONVERSION = YES;
				CLANG_WARN_INFINITE_RECURSION = YES;
				CLANG_WARN_INT_CONVERSION = YES;
				CLANG_WARN_NON_LITERAL_NULL_CONVERSION = YES;
				CLANG_WARN_OBJC_LITERAL_CONVERSION = YES;
				CLANG_WARN_OBJC_ROOT_CLASS = YES_ERROR;
				CLANG_WARN_RANGE_LOOP_ANALYSIS = YES;
				CLANG_WARN_STRICT_PROTOTYPES = YES;
				CLANG_WARN_SUSPICIOUS_MOVE = YES;
				CLANG_WARN_UNGUARDED_AVAILABILITY = YES_AGGRESSIVE;
				CLANG_WARN_UNREACHABLE_CODE = YES;
				CLANG_WARN__DUPLICATE_METHOD_MATCH = YES;
				CODE_SIGN_IDENTITY = "iPhone Developer";
				COPY_PHASE_STRIP = NO;
				DEBUG_INFORMATION_FORMAT = "dwarf-with-dsym";
				ENABLE_NS_ASSERTIONS = NO;
				ENABLE_STRICT_OBJC_MSGSEND = YES;
				GCC_C_LANGUAGE_STANDARD = gnu11;
				GCC_NO_COMMON_BLOCKS = YES;
				GCC_WARN_64_TO_32_BIT_CONVERSION = YES;
				GCC_WARN_ABOUT_RETURN_TYPE = YES_ERROR;
				GCC_WARN_UNDECLARED_SELECTOR = YES;
				GCC_WARN_UNINITIALIZED_AUTOS = YES_AGGRESSIVE;
				GCC_WARN_UNUSED_FUNCTION = YES;
				GCC_WARN_UNUSED_VARIABLE = YES;
				IPHONEOS_DEPLOYMENT_TARGET = 11.0;
				MTL_ENABLE_DEBUG_INFO = NO;
				SDKROOT = iphoneos;
				VALIDATE_PRODUCT = YES;
			};
			name = Release;
		};
		B7077D6D20383D5600CBCA2F /* Debug */ = {
			isa = XCBuildConfiguration;
			buildSettings = {
				ASSETCATALOG_COMPILER_APPICON_NAME = AppIcon;
				CODE_SIGN_STYLE = Automatic;
				INFOPLIST_FILE = PeerReview3/Info.plist;
				LD_RUNPATH_SEARCH_PATHS = "$(inherited) @executable_path/Frameworks";
				PRODUCT_BUNDLE_IDENTIFIER = com.vxcl.PeerReview3;
				PRODUCT_NAME = "$(TARGET_NAME)";
				TARGETED_DEVICE_FAMILY = "1,2";
			};
			name = Debug;
		};
		B7077D6E20383D5600CBCA2F /* Release */ = {
			isa = XCBuildConfiguration;
			buildSettings = {
				ASSETCATALOG_COMPILER_APPICON_NAME = AppIcon;
				CODE_SIGN_STYLE = Automatic;
				INFOPLIST_FILE = PeerReview3/Info.plist;
				LD_RUNPATH_SEARCH_PATHS = "$(inherited) @executable_path/Frameworks";
				PRODUCT_BUNDLE_IDENTIFIER = com.vxcl.PeerReview3;
				PRODUCT_NAME = "$(TARGET_NAME)";
				TARGETED_DEVICE_FAMILY = "1,2";
			};
			name = Release;
		};
/* End XCBuildConfiguration section */

/* Begin XCConfigurationList section */
		B7077D5120383D5500CBCA2F /* Build configuration list for PBXProject "PeerReview3" */ = {
			isa = XCConfigurationList;
			buildConfigurations = (
				B7077D6A20383D5600CBCA2F /* Debug */,
				B7077D6B20383D5600CBCA2F /* Release */,
			);
			defaultConfigurationIsVisible = 0;
			defaultConfigurationName = Release;
		};
		B7077D6C20383D5600CBCA2F /* Build configuration list for PBXNativeTarget "PeerReview3" */ = {
			isa = XCConfigurationList;
			buildConfigurations = (
				B7077D6D20383D5600CBCA2F /* Debug */,
				B7077D6E20383D5600CBCA2F /* Release */,
			);
			defaultConfigurationIsVisible = 0;
			defaultConfigurationName = Release;
		};
/* End XCConfigurationList section */
	};
	rootObject = B7077D4E20383D5500CBCA2F /* Project object */;
}
